PODS:
  - MHKeyboardToolbar (0.1.1)

DEPENDENCIES:
  - MHKeyboardToolbar (from `../`)

EXTERNAL SOURCES:
  MHKeyboardToolbar:
    :path: "../"

SPEC CHECKSUMS:
  MHKeyboardToolbar: ad42251976a4ecff1547a217dbf43559d5c7d9af

PODFILE CHECKSUM: 6a3438580eb7352af82023ff91ff395c81e3c50b

COCOAPODS: 1.5.3
